
Microsoft Visual Studio Solution File, Format Version 12.00
# Visual Studio 15
VisualStudioVersion = 15.0.27130.2020
MinimumVisualStudioVersion = 10.0.40219.1
Project("{FAE04EC0-301F-11D3-BF4B-00C04F79EFBC}") = "semestralka01", "semestralka01\semestralka01.csproj", "{BDF48960-B8BD-4FCC-9041-7860F2F4F685}"
EndProject
Global
	GlobalSection(SolutionConfigurationPlatforms) = preSolution
		Debug|Any CPU = Debug|Any CPU
		Release|Any CPU = Release|Any CPU
	EndGlobalSection
	GlobalSection(ProjectConfigurationPlatforms) = postSolution
		{BDF48960-B8BD-4FCC-9041-7860F2F4F685}.Debug|Any CPU.ActiveCfg = Debug|Any CPU
		{BDF48960-B8BD-4FCC-9041-7860F2F4F685}.Debug|Any CPU.Build.0 = Debug|Any CPU
		{BDF48960-B8BD-4FCC-9041-7860F2F4F685}.Release|Any CPU.ActiveCfg = Release|Any CPU
		{BDF48960-B8BD-4FCC-9041-7860F2F4F685}.Release|Any CPU.Build.0 = Release|Any CPU
	EndGlobalSection
	GlobalSection(SolutionProperties) = preSolution
		HideSolutionNode = FALSE
	EndGlobalSection
	GlobalSection(ExtensibilityGlobals) = postSolution
		SolutionGuid = {DA4F02EE-560F-4809-9F59-D4999B8FC567}
	EndGlobalSection
EndGlobal
